
Microsoft Visual Studio Solution File, Format Version 12.00
# Visual Studio 2013
VisualStudioVersion = 12.0.31101.0
MinimumVisualStudioVersion = 10.0.40219.1
Project("{2150E333-8FDC-42A3-9474-1A3956D46DE8}") = "Solution Items", "Solution Items", "{7DB640D5-5B64-4468-8918-FBBF76710223}"
	ProjectSection(SolutionItems) = preProject
		build\Build.proj = build\Build.proj
		readme.md = readme.md
		ReleaseNotes.md = ReleaseNotes.md
		build\Tavis.Link.nuspec = build\Tavis.Link.nuspec
	EndProjectSection
EndProject
Project("{FAE04EC0-301F-11D3-BF4B-00C04F79EFBC}") = "Link", "src\Link\Link.csproj", "{4D56A07D-3985-4D1C-86E3-094F4961CC25}"
EndProject
Project("{FAE04EC0-301F-11D3-BF4B-00C04F79EFBC}") = "LinkTests", "src\LinkTests\LinkTests.csproj", "{674376A9-FD66-466F-9CCE-418D8341CB1A}"
EndProject
Project("{FAE04EC0-301F-11D3-BF4B-00C04F79EFBC}") = "OAuthLinks", "Src\OAuthLinks\OAuthLinks.csproj", "{7B105573-D9CA-4869-BDA0-412573E19D86}"
EndProject
Project("{FAE04EC0-301F-11D3-BF4B-00C04F79EFBC}") = "Samples", "Samples\Samples.csproj", "{AB1ADAF9-AF24-49BE-A505-14CDB6DC6E60}"
EndProject
Project("{FAE04EC0-301F-11D3-BF4B-00C04F79EFBC}") = "SearchLink", "src\SearchLink\SearchLink.csproj", "{61B56B9C-088A-492C-A988-A4C96AA2A9D3}"
EndProject
Project("{FAE04EC0-301F-11D3-BF4B-00C04F79EFBC}") = "GitHubLib", "Samples\GitLinks\GitHubLib\GitHubLib.csproj", "{4B1C40F5-0DC9-4CC0-9CBA-ACF94646A1AB}"
EndProject
Project("{FAE04EC0-301F-11D3-BF4B-00C04F79EFBC}") = "GitHubLibTests", "Samples\GitLinks\GitHubLibTests\GitHubLibTests.csproj", "{015AFC11-4B1C-42FE-8247-989B9A9F50F2}"
EndProject
Global
	GlobalSection(SolutionConfigurationPlatforms) = preSolution
		Debug|Any CPU = Debug|Any CPU
		Debug|Mixed Platforms = Debug|Mixed Platforms
		Debug|x86 = Debug|x86
		Release|Any CPU = Release|Any CPU
		Release|Mixed Platforms = Release|Mixed Platforms
		Release|x86 = Release|x86
	EndGlobalSection
	GlobalSection(ProjectConfigurationPlatforms) = postSolution
		{4D56A07D-3985-4D1C-86E3-094F4961CC25}.Debug|Any CPU.ActiveCfg = Debug|x86
		{4D56A07D-3985-4D1C-86E3-094F4961CC25}.Debug|Mixed Platforms.ActiveCfg = Debug|x86
		{4D56A07D-3985-4D1C-86E3-094F4961CC25}.Debug|Mixed Platforms.Build.0 = Debug|x86
		{4D56A07D-3985-4D1C-86E3-094F4961CC25}.Debug|x86.ActiveCfg = Debug|x86
		{4D56A07D-3985-4D1C-86E3-094F4961CC25}.Debug|x86.Build.0 = Debug|x86
		{4D56A07D-3985-4D1C-86E3-094F4961CC25}.Release|Any CPU.ActiveCfg = Release|x86
		{4D56A07D-3985-4D1C-86E3-094F4961CC25}.Release|Mixed Platforms.ActiveCfg = Release|x86
		{4D56A07D-3985-4D1C-86E3-094F4961CC25}.Release|Mixed Platforms.Build.0 = Release|x86
		{4D56A07D-3985-4D1C-86E3-094F4961CC25}.Release|x86.ActiveCfg = Release|x86
		{4D56A07D-3985-4D1C-86E3-094F4961CC25}.Release|x86.Build.0 = Release|x86
		{674376A9-FD66-466F-9CCE-418D8341CB1A}.Debug|Any CPU.ActiveCfg = Debug|Any CPU
		{674376A9-FD66-466F-9CCE-418D8341CB1A}.Debug|Any CPU.Build.0 = Debug|Any CPU
		{674376A9-FD66-466F-9CCE-418D8341CB1A}.Debug|Mixed Platforms.ActiveCfg = Debug|Any CPU
		{674376A9-FD66-466F-9CCE-418D8341CB1A}.Debug|Mixed Platforms.Build.0 = Debug|Any CPU
		{674376A9-FD66-466F-9CCE-418D8341CB1A}.Debug|x86.ActiveCfg = Debug|Any CPU
		{674376A9-FD66-466F-9CCE-418D8341CB1A}.Release|Any CPU.ActiveCfg = Release|Any CPU
		{674376A9-FD66-466F-9CCE-418D8341CB1A}.Release|Any CPU.Build.0 = Release|Any CPU
		{674376A9-FD66-466F-9CCE-418D8341CB1A}.Release|Mixed Platforms.ActiveCfg = Release|Any CPU
		{674376A9-FD66-466F-9CCE-418D8341CB1A}.Release|Mixed Platforms.Build.0 = Release|Any CPU
		{674376A9-FD66-466F-9CCE-418D8341CB1A}.Release|x86.ActiveCfg = Release|Any CPU
		{7B105573-D9CA-4869-BDA0-412573E19D86}.Debug|Any CPU.ActiveCfg = Debug|Any CPU
		{7B105573-D9CA-4869-BDA0-412573E19D86}.Debug|Any CPU.Build.0 = Debug|Any CPU
		{7B105573-D9CA-4869-BDA0-412573E19D86}.Debug|Mixed Platforms.ActiveCfg = Debug|Any CPU
		{7B105573-D9CA-4869-BDA0-412573E19D86}.Debug|Mixed Platforms.Build.0 = Debug|Any CPU
		{7B105573-D9CA-4869-BDA0-412573E19D86}.Debug|x86.ActiveCfg = Debug|Any CPU
		{7B105573-D9CA-4869-BDA0-412573E19D86}.Release|Any CPU.ActiveCfg = Release|Any CPU
		{7B105573-D9CA-4869-BDA0-412573E19D86}.Release|Any CPU.Build.0 = Release|Any CPU
		{7B105573-D9CA-4869-BDA0-412573E19D86}.Release|Mixed Platforms.ActiveCfg = Release|Any CPU
		{7B105573-D9CA-4869-BDA0-412573E19D86}.Release|Mixed Platforms.Build.0 = Release|Any CPU
		{7B105573-D9CA-4869-BDA0-412573E19D86}.Release|x86.ActiveCfg = Release|Any CPU
		{AB1ADAF9-AF24-49BE-A505-14CDB6DC6E60}.Debug|Any CPU.ActiveCfg = Debug|Any CPU
		{AB1ADAF9-AF24-49BE-A505-14CDB6DC6E60}.Debug|Any CPU.Build.0 = Debug|Any CPU
		{AB1ADAF9-AF24-49BE-A505-14CDB6DC6E60}.Debug|Mixed Platforms.ActiveCfg = Debug|Any CPU
		{AB1ADAF9-AF24-49BE-A505-14CDB6DC6E60}.Debug|Mixed Platforms.Build.0 = Debug|Any CPU
		{AB1ADAF9-AF24-49BE-A505-14CDB6DC6E60}.Debug|x86.ActiveCfg = Debug|Any CPU
		{AB1ADAF9-AF24-49BE-A505-14CDB6DC6E60}.Release|Any CPU.ActiveCfg = Release|Any CPU
		{AB1ADAF9-AF24-49BE-A505-14CDB6DC6E60}.Release|Any CPU.Build.0 = Release|Any CPU
		{AB1ADAF9-AF24-49BE-A505-14CDB6DC6E60}.Release|Mixed Platforms.ActiveCfg = Release|Any CPU
		{AB1ADAF9-AF24-49BE-A505-14CDB6DC6E60}.Release|Mixed Platforms.Build.0 = Release|Any CPU
		{AB1ADAF9-AF24-49BE-A505-14CDB6DC6E60}.Release|x86.ActiveCfg = Release|Any CPU
		{61B56B9C-088A-492C-A988-A4C96AA2A9D3}.Debug|Any CPU.ActiveCfg = Debug|Any CPU
		{61B56B9C-088A-492C-A988-A4C96AA2A9D3}.Debug|Any CPU.Build.0 = Debug|Any CPU
		{61B56B9C-088A-492C-A988-A4C96AA2A9D3}.Debug|Mixed Platforms.ActiveCfg = Debug|Any CPU
		{61B56B9C-088A-492C-A988-A4C96AA2A9D3}.Debug|Mixed Platforms.Build.0 = Debug|Any CPU
		{61B56B9C-088A-492C-A988-A4C96AA2A9D3}.Debug|x86.ActiveCfg = Debug|Any CPU
		{61B56B9C-088A-492C-A988-A4C96AA2A9D3}.Release|Any CPU.ActiveCfg = Release|Any CPU
		{61B56B9C-088A-492C-A988-A4C96AA2A9D3}.Release|Any CPU.Build.0 = Release|Any CPU
		{61B56B9C-088A-492C-A988-A4C96AA2A9D3}.Release|Mixed Platforms.ActiveCfg = Release|Any CPU
		{61B56B9C-088A-492C-A988-A4C96AA2A9D3}.Release|Mixed Platforms.Build.0 = Release|Any CPU
		{61B56B9C-088A-492C-A988-A4C96AA2A9D3}.Release|x86.ActiveCfg = Release|Any CPU
		{4B1C40F5-0DC9-4CC0-9CBA-ACF94646A1AB}.Debug|Any CPU.ActiveCfg = Debug|Any CPU
		{4B1C40F5-0DC9-4CC0-9CBA-ACF94646A1AB}.Debug|Any CPU.Build.0 = Debug|Any CPU
		{4B1C40F5-0DC9-4CC0-9CBA-ACF94646A1AB}.Debug|Mixed Platforms.ActiveCfg = Debug|Any CPU
		{4B1C40F5-0DC9-4CC0-9CBA-ACF94646A1AB}.Debug|Mixed Platforms.Build.0 = Debug|Any CPU
		{4B1C40F5-0DC9-4CC0-9CBA-ACF94646A1AB}.Debug|x86.ActiveCfg = Debug|Any CPU
		{4B1C40F5-0DC9-4CC0-9CBA-ACF94646A1AB}.Release|Any CPU.ActiveCfg = Release|Any CPU
		{4B1C40F5-0DC9-4CC0-9CBA-ACF94646A1AB}.Release|Any CPU.Build.0 = Release|Any CPU
		{4B1C40F5-0DC9-4CC0-9CBA-ACF94646A1AB}.Release|Mixed Platforms.ActiveCfg = Release|Any CPU
		{4B1C40F5-0DC9-4CC0-9CBA-ACF94646A1AB}.Release|Mixed Platforms.Build.0 = Release|Any CPU
		{4B1C40F5-0DC9-4CC0-9CBA-ACF94646A1AB}.Release|x86.ActiveCfg = Release|Any CPU
		{015AFC11-4B1C-42FE-8247-989B9A9F50F2}.Debug|Any CPU.ActiveCfg = Debug|Any CPU
		{015AFC11-4B1C-42FE-8247-989B9A9F50F2}.Debug|Any CPU.Build.0 = Debug|Any CPU
		{015AFC11-4B1C-42FE-8247-989B9A9F50F2}.Debug|Mixed Platforms.ActiveCfg = Debug|Any CPU
		{015AFC11-4B1C-42FE-8247-989B9A9F50F2}.Debug|Mixed Platforms.Build.0 = Debug|Any CPU
		{015AFC11-4B1C-42FE-8247-989B9A9F50F2}.Debug|x86.ActiveCfg = Debug|Any CPU
		{015AFC11-4B1C-42FE-8247-989B9A9F50F2}.Release|Any CPU.ActiveCfg = Release|Any CPU
		{015AFC11-4B1C-42FE-8247-989B9A9F50F2}.Release|Any CPU.Build.0 = Release|Any CPU
		{015AFC11-4B1C-42FE-8247-989B9A9F50F2}.Release|Mixed Platforms.ActiveCfg = Release|Any CPU
		{015AFC11-4B1C-42FE-8247-989B9A9F50F2}.Release|Mixed Platforms.Build.0 = Release|Any CPU
		{015AFC11-4B1C-42FE-8247-989B9A9F50F2}.Release|x86.ActiveCfg = Release|Any CPU
	EndGlobalSection
	GlobalSection(SolutionProperties) = preSolution
		HideSolutionNode = FALSE
	EndGlobalSection
	GlobalSection(NestedProjects) = preSolution
		{4B1C40F5-0DC9-4CC0-9CBA-ACF94646A1AB} = {7DB640D5-5B64-4468-8918-FBBF76710223}
	EndGlobalSection
EndGlobal
